<<<<<<< HEAD
﻿
Microsoft Visual Studio Solution File, Format Version 12.00
# Visual Studio Version 17
VisualStudioVersion = 17.11.35303.130
MinimumVisualStudioVersion = 10.0.40219.1
Project("{8BC9CEB8-8B4A-11D0-8D11-00A0C91BC942}") = "Process", "hacktool/Process.vcxproj", "{FB5DF230-F87A-4D8B-87E2-4F126EB4E813}"
EndProject
Global
	GlobalSection(SolutionConfigurationPlatforms) = preSolution
		Debug|x64 = Debug|x64
		Debug|x86 = Debug|x86
		Release|x64 = Release|x64
		Release|x86 = Release|x86
	EndGlobalSection
	GlobalSection(ProjectConfigurationPlatforms) = postSolution
		{FB5DF230-F87A-4D8B-87E2-4F126EB4E813}.Debug|x64.ActiveCfg = Debug|x64
		{FB5DF230-F87A-4D8B-87E2-4F126EB4E813}.Debug|x64.Build.0 = Debug|x64
		{FB5DF230-F87A-4D8B-87E2-4F126EB4E813}.Debug|x86.ActiveCfg = Debug|Win32
		{FB5DF230-F87A-4D8B-87E2-4F126EB4E813}.Debug|x86.Build.0 = Debug|Win32
		{FB5DF230-F87A-4D8B-87E2-4F126EB4E813}.Release|x64.ActiveCfg = Release|x64
		{FB5DF230-F87A-4D8B-87E2-4F126EB4E813}.Release|x64.Build.0 = Release|x64
		{FB5DF230-F87A-4D8B-87E2-4F126EB4E813}.Release|x86.ActiveCfg = Release|Win32
		{FB5DF230-F87A-4D8B-87E2-4F126EB4E813}.Release|x86.Build.0 = Release|Win32
	EndGlobalSection
	GlobalSection(SolutionProperties) = preSolution
		HideSolutionNode = FALSE
	EndGlobalSection
	GlobalSection(ExtensibilityGlobals) = postSolution
		SolutionGuid = {53B196F4-7D10-45EC-A2CF-3F864A7C0411}
	EndGlobalSection
EndGlobal
=======
﻿
Microsoft Visual Studio Solution File, Format Version 12.00
# Visual Studio Version 17
VisualStudioVersion = 17.11.35303.130
MinimumVisualStudioVersion = 10.0.40219.1
Project("{8BC9CEB8-8B4A-11D0-8D11-00A0C91BC942}") = "Process", "hacktool/Process.vcxproj", "{FB5DF230-F87A-4D8B-87E2-4F126EB4E813}"
EndProject
Global
	GlobalSection(SolutionConfigurationPlatforms) = preSolution
		Debug|x64 = Debug|x64
		Debug|x86 = Debug|x86
		Release|x64 = Release|x64
		Release|x86 = Release|x86
	EndGlobalSection
	GlobalSection(ProjectConfigurationPlatforms) = postSolution
		{FB5DF230-F87A-4D8B-87E2-4F126EB4E813}.Debug|x64.ActiveCfg = Debug|x64
		{FB5DF230-F87A-4D8B-87E2-4F126EB4E813}.Debug|x64.Build.0 = Debug|x64
		{FB5DF230-F87A-4D8B-87E2-4F126EB4E813}.Debug|x86.ActiveCfg = Debug|Win32
		{FB5DF230-F87A-4D8B-87E2-4F126EB4E813}.Debug|x86.Build.0 = Debug|Win32
		{FB5DF230-F87A-4D8B-87E2-4F126EB4E813}.Release|x64.ActiveCfg = Release|x64
		{FB5DF230-F87A-4D8B-87E2-4F126EB4E813}.Release|x64.Build.0 = Release|x64
		{FB5DF230-F87A-4D8B-87E2-4F126EB4E813}.Release|x86.ActiveCfg = Release|Win32
		{FB5DF230-F87A-4D8B-87E2-4F126EB4E813}.Release|x86.Build.0 = Release|Win32
	EndGlobalSection
	GlobalSection(SolutionProperties) = preSolution
		HideSolutionNode = FALSE
	EndGlobalSection
	GlobalSection(ExtensibilityGlobals) = postSolution
		SolutionGuid = {53B196F4-7D10-45EC-A2CF-3F864A7C0411}
	EndGlobalSection
EndGlobal
>>>>>>> ef3850189fad1a52751c17f2889fb596eb0e952c
